// !$*UTF8*$!
{
	archiveVersion = 1;
	classes = {
	};
	objectVersion = 46;
	objects = {

/* Begin PBXBuildFile section */
		E84E38061AD0566C009413BD /* main.m in Sources */ = {isa = PBXBuildFile; fileRef = E84E38051AD0566C009413BD /* main.m */; };
		E84E38091AD0566C009413BD /* AppDelegate.m in Sources */ = {isa = PBXBuildFile; fileRef = E84E38081AD0566C009413BD /* AppDelegate.m */; };
		E84E380C1AD0566C009413BD /* HmmWhereIPutIt.xcdatamodeld in Sources */ = {isa = PBXBuildFile; fileRef = E84E380A1AD0566C009413BD /* HmmWhereIPutIt.xcdatamodeld */; };
		E84E380F1AD0566C009413BD /* NPWMainViewController.m in Sources */ = {isa = PBXBuildFile; fileRef = E84E380E1AD0566C009413BD /* NPWMainViewController.m */; };
		E84E38121AD0566C009413BD /* Main.storyboard in Resources */ = {isa = PBXBuildFile; fileRef = E84E38101AD0566C009413BD /* Main.storyboard */; };
		E84E38141AD0566C009413BD /* Images.xcassets in Resources */ = {isa = PBXBuildFile; fileRef = E84E38131AD0566C009413BD /* Images.xcassets */; };
		E84E38171AD0566C009413BD /* LaunchScreen.xib in Resources */ = {isa = PBXBuildFile; fileRef = E84E38151AD0566C009413BD /* LaunchScreen.xib */; };
		E84E38231AD0566C009413BD /* HmmWhereIPutItTests.m in Sources */ = {isa = PBXBuildFile; fileRef = E84E38221AD0566C009413BD /* HmmWhereIPutItTests.m */; };
		E84E382E1AD057A4009413BD /* NPWGlobalUtils.m in Sources */ = {isa = PBXBuildFile; fileRef = E84E382D1AD057A4009413BD /* NPWGlobalUtils.m */; };
		E84E38331AD057D1009413BD /* NPWGlobalConstants.m in Sources */ = {isa = PBXBuildFile; fileRef = E84E38321AD057D1009413BD /* NPWGlobalConstants.m */; };
		E84E38371AD057F9009413BD /* NPWLocalManager.m in Sources */ = {isa = PBXBuildFile; fileRef = E84E38361AD057F9009413BD /* NPWLocalManager.m */; };
		F43440B70C0AA542611F9192 /* libPods.a in Frameworks */ = {isa = PBXBuildFile; fileRef = 7B29B193D284F499C85C2D9F /* libPods.a */; };
/* End PBXBuildFile section */

/* Begin PBXContainerItemProxy section */
		E84E381D1AD0566C009413BD /* PBXContainerItemProxy */ = {
			isa = PBXContainerItemProxy;
			containerPortal = E84E37F81AD0566C009413BD /* Project object */;
			proxyType = 1;
			remoteGlobalIDString = E84E37FF1AD0566C009413BD;
			remoteInfo = HmmWhereIPutIt;
		};
/* End PBXContainerItemProxy section */

/* Begin PBXFileReference section */
		04490A71C2606024D7B773D0 /* Pods.debug.xcconfig */ = {isa = PBXFileReference; includeInIndex = 1; lastKnownFileType = text.xcconfig; name = Pods.debug.xcconfig; path = "Pods/Target Support Files/Pods/Pods.debug.xcconfig"; sourceTree = "<group>"; };
		7B29B193D284F499C85C2D9F /* libPods.a */ = {isa = PBXFileReference; explicitFileType = archive.ar; includeInIndex = 0; path = libPods.a; sourceTree = BUILT_PRODUCTS_DIR; };
		E84E38001AD0566C009413BD /* HmmWhereIPutIt.app */ = {isa = PBXFileReference; explicitFileType = wrapper.application; includeInIndex = 0; path = HmmWhereIPutIt.app; sourceTree = BUILT_PRODUCTS_DIR; };
		E84E38041AD0566C009413BD /* Info.plist */ = {isa = PBXFileReference; lastKnownFileType = text.plist.xml; path = Info.plist; sourceTree = "<group>"; };
		E84E38051AD0566C009413BD /* main.m */ = {isa = PBXFileReference; lastKnownFileType = sourcecode.c.objc; path = main.m; sourceTree = "<group>"; };
		E84E38071AD0566C009413BD /* AppDelegate.h */ = {isa = PBXFileReference; lastKnownFileType = sourcecode.c.h; path = AppDelegate.h; sourceTree = "<group>"; };
		E84E38081AD0566C009413BD /* AppDelegate.m */ = {isa = PBXFileReference; lastKnownFileType = sourcecode.c.objc; path = AppDelegate.m; sourceTree = "<group>"; };
		E84E380B1AD0566C009413BD /* HmmWhereIPutIt.xcdatamodel */ = {isa = PBXFileReference; lastKnownFileType = wrapper.xcdatamodel; path = HmmWhereIPutIt.xcdatamodel; sourceTree = "<group>"; };
		E84E380D1AD0566C009413BD /* NPWMainViewController.h */ = {isa = PBXFileReference; lastKnownFileType = sourcecode.c.h; path = NPWMainViewController.h; sourceTree = "<group>"; };
		E84E380E1AD0566C009413BD /* NPWMainViewController.m */ = {isa = PBXFileReference; lastKnownFileType = sourcecode.c.objc; path = NPWMainViewController.m; sourceTree = "<group>"; };
		E84E38111AD0566C009413BD /* Base */ = {isa = PBXFileReference; lastKnownFileType = file.storyboard; name = Base; path = Base.lproj/Main.storyboard; sourceTree = "<group>"; };
		E84E38131AD0566C009413BD /* Images.xcassets */ = {isa = PBXFileReference; lastKnownFileType = folder.assetcatalog; path = Images.xcassets; sourceTree = "<group>"; };
		E84E38161AD0566C009413BD /* Base */ = {isa = PBXFileReference; lastKnownFileType = file.xib; name = Base; path = Base.lproj/LaunchScreen.xib; sourceTree = "<group>"; };
		E84E381C1AD0566C009413BD /* HmmWhereIPutItTests.xctest */ = {isa = PBXFileReference; explicitFileType = wrapper.cfbundle; includeInIndex = 0; path = HmmWhereIPutItTests.xctest; sourceTree = BUILT_PRODUCTS_DIR; };
		E84E38211AD0566C009413BD /* Info.plist */ = {isa = PBXFileReference; lastKnownFileType = text.plist.xml; path = Info.plist; sourceTree = "<group>"; };
		E84E38221AD0566C009413BD /* HmmWhereIPutItTests.m */ = {isa = PBXFileReference; lastKnownFileType = sourcecode.c.objc; path = HmmWhereIPutItTests.m; sourceTree = "<group>"; };
		E84E382C1AD057A4009413BD /* NPWGlobalUtils.h */ = {isa = PBXFileReference; fileEncoding = 4; lastKnownFileType = sourcecode.c.h; path = NPWGlobalUtils.h; sourceTree = "<group>"; };
		E84E382D1AD057A4009413BD /* NPWGlobalUtils.m */ = {isa = PBXFileReference; fileEncoding = 4; lastKnownFileType = sourcecode.c.objc; path = NPWGlobalUtils.m; sourceTree = "<group>"; };
		E84E38311AD057D1009413BD /* NPWGlobalConstants.h */ = {isa = PBXFileReference; fileEncoding = 4; lastKnownFileType = sourcecode.c.h; path = NPWGlobalConstants.h; sourceTree = "<group>"; };
		E84E38321AD057D1009413BD /* NPWGlobalConstants.m */ = {isa = PBXFileReference; fileEncoding = 4; lastKnownFileType = sourcecode.c.objc; path = NPWGlobalConstants.m; sourceTree = "<group>"; };
		E84E38351AD057F9009413BD /* NPWLocalManager.h */ = {isa = PBXFileReference; fileEncoding = 4; lastKnownFileType = sourcecode.c.h; path = NPWLocalManager.h; sourceTree = "<group>"; };
		E84E38361AD057F9009413BD /* NPWLocalManager.m */ = {isa = PBXFileReference; fileEncoding = 4; lastKnownFileType = sourcecode.c.objc; path = NPWLocalManager.m; sourceTree = "<group>"; };
		E84E38381AD0580F009413BD /* HmmWhereIPutIt.pch */ = {isa = PBXFileReference; lastKnownFileType = sourcecode.c.h; path = HmmWhereIPutIt.pch; sourceTree = "<group>"; };
		F740E46FE399F5FA8A48808D /* Pods.release.xcconfig */ = {isa = PBXFileReference; includeInIndex = 1; lastKnownFileType = text.xcconfig; name = Pods.release.xcconfig; path = "Pods/Target Support Files/Pods/Pods.release.xcconfig"; sourceTree = "<group>"; };
/* End PBXFileReference section */

/* Begin PBXFrameworksBuildPhase section */
		E84E37FD1AD0566C009413BD /* Frameworks */ = {
			isa = PBXFrameworksBuildPhase;
			buildActionMask = 2147483647;
			files = (
				F43440B70C0AA542611F9192 /* libPods.a in Frameworks */,
			);
			runOnlyForDeploymentPostprocessing = 0;
		};
		E84E38191AD0566C009413BD /* Frameworks */ = {
			isa = PBXFrameworksBuildPhase;
			buildActionMask = 2147483647;
			files = (
			);
			runOnlyForDeploymentPostprocessing = 0;
		};
/* End PBXFrameworksBuildPhase section */

/* Begin PBXGroup section */
		33248CC30DD42ECCB2BC62CD /* Frameworks */ = {
			isa = PBXGroup;
			children = (
				7B29B193D284F499C85C2D9F /* libPods.a */,
			);
			name = Frameworks;
			sourceTree = "<group>";
		};
		4E2AC45570412CF3653CAC22 /* Pods */ = {
			isa = PBXGroup;
			children = (
				04490A71C2606024D7B773D0 /* Pods.debug.xcconfig */,
				F740E46FE399F5FA8A48808D /* Pods.release.xcconfig */,
			);
			name = Pods;
			sourceTree = "<group>";
		};
		E84E37F71AD0566C009413BD = {
			isa = PBXGroup;
			children = (
				E84E38021AD0566C009413BD /* HmmWhereIPutIt */,
				E84E381F1AD0566C009413BD /* HmmWhereIPutItTests */,
				E84E38011AD0566C009413BD /* Products */,
				4E2AC45570412CF3653CAC22 /* Pods */,
				33248CC30DD42ECCB2BC62CD /* Frameworks */,
			);
			sourceTree = "<group>";
		};
		E84E38011AD0566C009413BD /* Products */ = {
			isa = PBXGroup;
			children = (
				E84E38001AD0566C009413BD /* HmmWhereIPutIt.app */,
				E84E381C1AD0566C009413BD /* HmmWhereIPutItTests.xctest */,
			);
			name = Products;
			sourceTree = "<group>";
		};
		E84E38021AD0566C009413BD /* HmmWhereIPutIt */ = {
			isa = PBXGroup;
			children = (
				E84E383A1AD06B14009413BD /* Controllers */,
				E84E38391AD058EE009413BD /* Models */,
				E84E38341AD057E1009413BD /* Managers */,
				E84E38301AD057C1009413BD /* Constants */,
				E84E382F1AD057B4009413BD /* Utils */,
				E84E38071AD0566C009413BD /* AppDelegate.h */,
				E84E38081AD0566C009413BD /* AppDelegate.m */,
				E84E38101AD0566C009413BD /* Main.storyboard */,
				E84E38131AD0566C009413BD /* Images.xcassets */,
				E84E38151AD0566C009413BD /* LaunchScreen.xib */,
				E84E380A1AD0566C009413BD /* HmmWhereIPutIt.xcdatamodeld */,
				E84E38031AD0566C009413BD /* Supporting Files */,
			);
			path = HmmWhereIPutIt;
			sourceTree = "<group>";
		};
		E84E38031AD0566C009413BD /* Supporting Files */ = {
			isa = PBXGroup;
			children = (
				E84E38381AD0580F009413BD /* HmmWhereIPutIt.pch */,
				E84E38041AD0566C009413BD /* Info.plist */,
				E84E38051AD0566C009413BD /* main.m */,
			);
			name = "Supporting Files";
			sourceTree = "<group>";
		};
		E84E381F1AD0566C009413BD /* HmmWhereIPutItTests */ = {
			isa = PBXGroup;
			children = (
				E84E38221AD0566C009413BD /* HmmWhereIPutItTests.m */,
				E84E38201AD0566C009413BD /* Supporting Files */,
			);
			path = HmmWhereIPutItTests;
			sourceTree = "<group>";
		};
		E84E38201AD0566C009413BD /* Supporting Files */ = {
			isa = PBXGroup;
			children = (
				E84E38211AD0566C009413BD /* Info.plist */,
			);
			name = "Supporting Files";
			sourceTree = "<group>";
		};
		E84E382F1AD057B4009413BD /* Utils */ = {
			isa = PBXGroup;
			children = (
				E84E382C1AD057A4009413BD /* NPWGlobalUtils.h */,
				E84E382D1AD057A4009413BD /* NPWGlobalUtils.m */,
			);
			name = Utils;
			sourceTree = "<group>";
		};
		E84E38301AD057C1009413BD /* Constants */ = {
			isa = PBXGroup;
			children = (
				E84E38311AD057D1009413BD /* NPWGlobalConstants.h */,
				E84E38321AD057D1009413BD /* NPWGlobalConstants.m */,
			);
			name = Constants;
			sourceTree = "<group>";
		};
		E84E38341AD057E1009413BD /* Managers */ = {
			isa = PBXGroup;
			children = (
				E84E38351AD057F9009413BD /* NPWLocalManager.h */,
				E84E38361AD057F9009413BD /* NPWLocalManager.m */,
			);
			name = Managers;
			sourceTree = "<group>";
		};
		E84E38391AD058EE009413BD /* Models */ = {
			isa = PBXGroup;
			children = (
			);
			name = Models;
			sourceTree = "<group>";
		};
		E84E383A1AD06B14009413BD /* Controllers */ = {
			isa = PBXGroup;
			children = (
				E84E383B1AD136C4009413BD /* TableCellPrototypes */,
				E84E380D1AD0566C009413BD /* NPWMainViewController.h */,
				E84E380E1AD0566C009413BD /* NPWMainViewController.m */,
			);
			name = Controllers;
			sourceTree = "<group>";
		};
		E84E383B1AD136C4009413BD /* TableCellPrototypes */ = {
			isa = PBXGroup;
			children = (
			);
			name = TableCellPrototypes;
			sourceTree = "<group>";
		};
/* End PBXGroup section */

/* Begin PBXNativeTarget section */
		E84E37FF1AD0566C009413BD /* HmmWhereIPutIt */ = {
			isa = PBXNativeTarget;
			buildConfigurationList = E84E38261AD0566C009413BD /* Build configuration list for PBXNativeTarget "HmmWhereIPutIt" */;
			buildPhases = (
				2A7554353F0072660945CBE2 /* Check Pods Manifest.lock */,
				E84E37FC1AD0566C009413BD /* Sources */,
				E84E37FD1AD0566C009413BD /* Frameworks */,
				E84E37FE1AD0566C009413BD /* Resources */,
				DB49FA8BDF307FC8B2F92588 /* Copy Pods Resources */,
			);
			buildRules = (
			);
			dependencies = (
			);
			name = HmmWhereIPutIt;
			productName = HmmWhereIPutIt;
			productReference = E84E38001AD0566C009413BD /* HmmWhereIPutIt.app */;
			productType = "com.apple.product-type.application";
		};
		E84E381B1AD0566C009413BD /* HmmWhereIPutItTests */ = {
			isa = PBXNativeTarget;
			buildConfigurationList = E84E38291AD0566C009413BD /* Build configuration list for PBXNativeTarget "HmmWhereIPutItTests" */;
			buildPhases = (
				E84E38181AD0566C009413BD /* Sources */,
				E84E38191AD0566C009413BD /* Frameworks */,
				E84E381A1AD0566C009413BD /* Resources */,
			);
			buildRules = (
			);
			dependencies = (
				E84E381E1AD0566C009413BD /* PBXTargetDependency */,
			);
			name = HmmWhereIPutItTests;
			productName = HmmWhereIPutItTests;
			productReference = E84E381C1AD0566C009413BD /* HmmWhereIPutItTests.xctest */;
			productType = "com.apple.product-type.bundle.unit-test";
		};
/* End PBXNativeTarget section */

/* Begin PBXProject section */
		E84E37F81AD0566C009413BD /* Project object */ = {
			isa = PBXProject;
			attributes = {
				LastUpgradeCheck = 0620;
				ORGANIZATIONNAME = Paneb;
				TargetAttributes = {
					E84E37FF1AD0566C009413BD = {
						CreatedOnToolsVersion = 6.2;
					};
					E84E381B1AD0566C009413BD = {
						CreatedOnToolsVersion = 6.2;
						TestTargetID = E84E37FF1AD0566C009413BD;
					};
				};
			};
			buildConfigurationList = E84E37FB1AD0566C009413BD /* Build configuration list for PBXProject "HmmWhereIPutIt" */;
			compatibilityVersion = "Xcode 3.2";
			developmentRegion = English;
			hasScannedForEncodings = 0;
			knownRegions = (
				en,
				Base,
			);
			mainGroup = E84E37F71AD0566C009413BD;
			productRefGroup = E84E38011AD0566C009413BD /* Products */;
			projectDirPath = "";
			projectRoot = "";
			targets = (
				E84E37FF1AD0566C009413BD /* HmmWhereIPutIt */,
				E84E381B1AD0566C009413BD /* HmmWhereIPutItTests */,
			);
		};
/* End PBXProject section */

/* Begin PBXResourcesBuildPhase section */
		E84E37FE1AD0566C009413BD /* Resources */ = {
			isa = PBXResourcesBuildPhase;
			buildActionMask = 2147483647;
			files = (
				E84E38121AD0566C009413BD /* Main.storyboard in Resources */,
				E84E38171AD0566C009413BD /* LaunchScreen.xib in Resources */,
				E84E38141AD0566C009413BD /* Images.xcassets in Resources */,
			);
			runOnlyForDeploymentPostprocessing = 0;
		};
		E84E381A1AD0566C009413BD /* Resources */ = {
			isa = PBXResourcesBuildPhase;
			buildActionMask = 2147483647;
			files = (
			);
			runOnlyForDeploymentPostprocessing = 0;
		};
/* End PBXResourcesBuildPhase section */

/* Begin PBXShellScriptBuildPhase section */
		2A7554353F0072660945CBE2 /* Check Pods Manifest.lock */ = {
			isa = PBXShellScriptBuildPhase;
			buildActionMask = 2147483647;
			files = (
			);
			inputPaths = (
			);
			name = "Check Pods Manifest.lock";
			outputPaths = (
			);
			runOnlyForDeploymentPostprocessing = 0;
			shellPath = /bin/sh;
			shellScript = "diff \"${PODS_ROOT}/../Podfile.lock\" \"${PODS_ROOT}/Manifest.lock\" > /dev/null\nif [[ $? != 0 ]] ; then\n    cat << EOM\nerror: The sandbox is not in sync with the Podfile.lock. Run 'pod install' or update your CocoaPods installation.\nEOM\n    exit 1\nfi\n";
			showEnvVarsInLog = 0;
		};
		DB49FA8BDF307FC8B2F92588 /* Copy Pods Resources */ = {
			isa = PBXShellScriptBuildPhase;
			buildActionMask = 2147483647;
			files = (
			);
			inputPaths = (
			);
			name = "Copy Pods Resources";
			outputPaths = (
			);
			runOnlyForDeploymentPostprocessing = 0;
			shellPath = /bin/sh;
			shellScript = "\"${SRCROOT}/Pods/Target Support Files/Pods/Pods-resources.sh\"\n";
			showEnvVarsInLog = 0;
		};
/* End PBXShellScriptBuildPhase section */

/* Begin PBXSourcesBuildPhase section */
		E84E37FC1AD0566C009413BD /* Sources */ = {
			isa = PBXSourcesBuildPhase;
			buildActionMask = 2147483647;
			files = (
				E84E38091AD0566C009413BD /* AppDelegate.m in Sources */,
				E84E380C1AD0566C009413BD /* HmmWhereIPutIt.xcdatamodeld in Sources */,
				E84E382E1AD057A4009413BD /* NPWGlobalUtils.m in Sources */,
				E84E380F1AD0566C009413BD /* NPWMainViewController.m in Sources */,
				E84E38331AD057D1009413BD /* NPWGlobalConstants.m in Sources */,
				E84E38371AD057F9009413BD /* NPWLocalManager.m in Sources */,
				E84E38061AD0566C009413BD /* main.m in Sources */,
			);
			runOnlyForDeploymentPostprocessing = 0;
		};
		E84E38181AD0566C009413BD /* Sources */ = {
			isa = PBXSourcesBuildPhase;
			buildActionMask = 2147483647;
			files = (
				E84E38231AD0566C009413BD /* HmmWhereIPutItTests.m in Sources */,
			);
			runOnlyForDeploymentPostprocessing = 0;
		};
/* End PBXSourcesBuildPhase section */

/* Begin PBXTargetDependency section */
		E84E381E1AD0566C009413BD /* PBXTargetDependency */ = {
			isa = PBXTargetDependency;
			target = E84E37FF1AD0566C009413BD /* HmmWhereIPutIt */;
			targetProxy = E84E381D1AD0566C009413BD /* PBXContainerItemProxy */;
		};
/* End PBXTargetDependency section */

/* Begin PBXVariantGroup section */
		E84E38101AD0566C009413BD /* Main.storyboard */ = {
			isa = PBXVariantGroup;
			children = (
				E84E38111AD0566C009413BD /* Base */,
			);
			name = Main.storyboard;
			sourceTree = "<group>";
		};
		E84E38151AD0566C009413BD /* LaunchScreen.xib */ = {
			isa = PBXVariantGroup;
			children = (
				E84E38161AD0566C009413BD /* Base */,
			);
			name = LaunchScreen.xib;
			sourceTree = "<group>";
		};
/* End PBXVariantGroup section */

/* Begin XCBuildConfiguration section */
		E84E38241AD0566C009413BD /* Debug */ = {
			isa = XCBuildConfiguration;
			buildSettings = {
				ALWAYS_SEARCH_USER_PATHS = NO;
				CLANG_CXX_LANGUAGE_STANDARD = "gnu++0x";
				CLANG_CXX_LIBRARY = "libc++";
				CLANG_ENABLE_MODULES = YES;
				CLANG_ENABLE_OBJC_ARC = YES;
				CLANG_WARN_BOOL_CONVERSION = YES;
				CLANG_WARN_CONSTANT_CONVERSION = YES;
				CLANG_WARN_DIRECT_OBJC_ISA_USAGE = YES_ERROR;
				CLANG_WARN_EMPTY_BODY = YES;
				CLANG_WARN_ENUM_CONVERSION = YES;
				CLANG_WARN_INT_CONVERSION = YES;
				CLANG_WARN_OBJC_ROOT_CLASS = YES_ERROR;
				CLANG_WARN_UNREACHABLE_CODE = YES;
				CLANG_WARN__DUPLICATE_METHOD_MATCH = YES;
				"CODE_SIGN_IDENTITY[sdk=iphoneos*]" = "iPhone Developer";
				COPY_PHASE_STRIP = NO;
				ENABLE_STRICT_OBJC_MSGSEND = YES;
				GCC_C_LANGUAGE_STANDARD = gnu99;
				GCC_DYNAMIC_NO_PIC = NO;
				GCC_OPTIMIZATION_LEVEL = 0;
				GCC_PREPROCESSOR_DEFINITIONS = (
					"DEBUG=1",
					"$(inherited)",
				);
				GCC_SYMBOLS_PRIVATE_EXTERN = NO;
				GCC_WARN_64_TO_32_BIT_CONVERSION = YES;
				GCC_WARN_ABOUT_RETURN_TYPE = YES_ERROR;
				GCC_WARN_UNDECLARED_SELECTOR = YES;
				GCC_WARN_UNINITIALIZED_AUTOS = YES_AGGRESSIVE;
				GCC_WARN_UNUSED_FUNCTION = YES;
				GCC_WARN_UNUSED_VARIABLE = YES;
				IPHONEOS_DEPLOYMENT_TARGET = 8.2;
				MTL_ENABLE_DEBUG_INFO = YES;
				ONLY_ACTIVE_ARCH = YES;
				SDKROOT = iphoneos;
			};
			name = Debug;
		};
		E84E38251AD0566C009413BD /* Release */ = {
			isa = XCBuildConfiguration;
			buildSettings = {
				ALWAYS_SEARCH_USER_PATHS = NO;
				CLANG_CXX_LANGUAGE_STANDARD = "gnu++0x";
				CLANG_CXX_LIBRARY = "libc++";
				CLANG_ENABLE_MODULES = YES;
				CLANG_ENABLE_OBJC_ARC = YES;
				CLANG_WARN_BOOL_CONVERSION = YES;
				CLANG_WARN_CONSTANT_CONVERSION = YES;
				CLANG_WARN_DIRECT_OBJC_ISA_USAGE = YES_ERROR;
				CLANG_WARN_EMPTY_BODY = YES;
				CLANG_WARN_ENUM_CONVERSION = YES;
				CLANG_WARN_INT_CONVERSION = YES;
				CLANG_WARN_OBJC_ROOT_CLASS = YES_ERROR;
				CLANG_WARN_UNREACHABLE_CODE = YES;
				CLANG_WARN__DUPLICATE_METHOD_MATCH = YES;
				"CODE_SIGN_IDENTITY[sdk=iphoneos*]" = "iPhone Developer";
				COPY_PHASE_STRIP = NO;
				ENABLE_NS_ASSERTIONS = NO;
				ENABLE_STRICT_OBJC_MSGSEND = YES;
				GCC_C_LANGUAGE_STANDARD = gnu99;
				GCC_WARN_64_TO_32_BIT_CONVERSION = YES;
				GCC_WARN_ABOUT_RETURN_TYPE = YES_ERROR;
				GCC_WARN_UNDECLARED_SELECTOR = YES;
				GCC_WARN_UNINITIALIZED_AUTOS = YES_AGGRESSIVE;
				GCC_WARN_UNUSED_FUNCTION = YES;
				GCC_WARN_UNUSED_VARIABLE = YES;
				IPHONEOS_DEPLOYMENT_TARGET = 8.2;
				MTL_ENABLE_DEBUG_INFO = NO;
				SDKROOT = iphoneos;
				VALIDATE_PRODUCT = YES;
			};
			name = Release;
		};
		E84E38271AD0566C009413BD /* Debug */ = {
			isa = XCBuildConfiguration;
			baseConfigurationReference = 04490A71C2606024D7B773D0 /* Pods.debug.xcconfig */;
			buildSettings = {
				ASSETCATALOG_COMPILER_APPICON_NAME = AppIcon;
				INFOPLIST_FILE = HmmWhereIPutIt/Info.plist;
				LD_RUNPATH_SEARCH_PATHS = "$(inherited) @executable_path/Frameworks";
				PRODUCT_NAME = "$(TARGET_NAME)";
			};
			name = Debug;
		};
		E84E38281AD0566C009413BD /* Release */ = {
			isa = XCBuildConfiguration;
			baseConfigurationReference = F740E46FE399F5FA8A48808D /* Pods.release.xcconfig */;
			buildSettings = {
				ASSETCATALOG_COMPILER_APPICON_NAME = AppIcon;
				INFOPLIST_FILE = HmmWhereIPutIt/Info.plist;
				LD_RUNPATH_SEARCH_PATHS = "$(inherited) @executable_path/Frameworks";
				PRODUCT_NAME = "$(TARGET_NAME)";
			};
			name = Release;
		};
		E84E382A1AD0566C009413BD /* Debug */ = {
			isa = XCBuildConfiguration;
			buildSettings = {
				BUNDLE_LOADER = "$(TEST_HOST)";
				FRAMEWORK_SEARCH_PATHS = (
					"$(SDKROOT)/Developer/Library/Frameworks",
					"$(inherited)",
				);
				GCC_PREPROCESSOR_DEFINITIONS = (
					"DEBUG=1",
					"$(inherited)",
				);
				INFOPLIST_FILE = HmmWhereIPutItTests/Info.plist;
				LD_RUNPATH_SEARCH_PATHS = "$(inherited) @executable_path/Frameworks @loader_path/Frameworks";
				PRODUCT_NAME = "$(TARGET_NAME)";
				TEST_HOST = "$(BUILT_PRODUCTS_DIR)/HmmWhereIPutIt.app/HmmWhereIPutIt";
			};
			name = Debug;
		};
		E84E382B1AD0566C009413BD /* Release */ = {
			isa = XCBuildConfiguration;
			buildSettings = {
				BUNDLE_LOADER = "$(TEST_HOST)";
				FRAMEWORK_SEARCH_PATHS = (
					"$(SDKROOT)/Developer/Library/Frameworks",
					"$(inherited)",
				);
				INFOPLIST_FILE = HmmWhereIPutItTests/Info.plist;
				LD_RUNPATH_SEARCH_PATHS = "$(inherited) @executable_path/Frameworks @loader_path/Frameworks";
				PRODUCT_NAME = "$(TARGET_NAME)";
				TEST_HOST = "$(BUILT_PRODUCTS_DIR)/HmmWhereIPutIt.app/HmmWhereIPutIt";
			};
			name = Release;
		};
/* End XCBuildConfiguration section */

/* Begin XCConfigurationList section */
		E84E37FB1AD0566C009413BD /* Build configuration list for PBXProject "HmmWhereIPutIt" */ = {
			isa = XCConfigurationList;
			buildConfigurations = (
				E84E38241AD0566C009413BD /* Debug */,
				E84E38251AD0566C009413BD /* Release */,
			);
			defaultConfigurationIsVisible = 0;
			defaultConfigurationName = Release;
		};
		E84E38261AD0566C009413BD /* Build configuration list for PBXNativeTarget "HmmWhereIPutIt" */ = {
			isa = XCConfigurationList;
			buildConfigurations = (
				E84E38271AD0566C009413BD /* Debug */,
				E84E38281AD0566C009413BD /* Release */,
			);
			defaultConfigurationIsVisible = 0;
			defaultConfigurationName = Release;
		};
		E84E38291AD0566C009413BD /* Build configuration list for PBXNativeTarget "HmmWhereIPutItTests" */ = {
			isa = XCConfigurationList;
			buildConfigurations = (
				E84E382A1AD0566C009413BD /* Debug */,
				E84E382B1AD0566C009413BD /* Release */,
			);
			defaultConfigurationIsVisible = 0;
			defaultConfigurationName = Release;
		};
/* End XCConfigurationList section */

/* Begin XCVersionGroup section */
		E84E380A1AD0566C009413BD /* HmmWhereIPutIt.xcdatamodeld */ = {
			isa = XCVersionGroup;
			children = (
				E84E380B1AD0566C009413BD /* HmmWhereIPutIt.xcdatamodel */,
			);
			currentVersion = E84E380B1AD0566C009413BD /* HmmWhereIPutIt.xcdatamodel */;
			path = HmmWhereIPutIt.xcdatamodeld;
			sourceTree = "<group>";
			versionGroupType = wrapper.xcdatamodel;
		};
/* End XCVersionGroup section */
	};
	rootObject = E84E37F81AD0566C009413BD /* Project object */;
}
